// !$*UTF8*$!
{
	archiveVersion = 1;
	classes = {
	};
	objectVersion = 46;
	objects = {

/* Begin PBXBuildFile section */
		79F82FF61F49E53600E2786F /* AppDelegate.swift in Sources */ = {isa = PBXBuildFile; fileRef = 79F82FF51F49E53600E2786F /* AppDelegate.swift */; };
		79F82FF81F49E53600E2786F /* ViewController.swift in Sources */ = {isa = PBXBuildFile; fileRef = 79F82FF71F49E53600E2786F /* ViewController.swift */; };
		79F82FFB1F49E53600E2786F /* Main.storyboard in Resources */ = {isa = PBXBuildFile; fileRef = 79F82FF91F49E53600E2786F /* Main.storyboard */; };
		79F82FFD1F49E53600E2786F /* Assets.xcassets in Resources */ = {isa = PBXBuildFile; fileRef = 79F82FFC1F49E53600E2786F /* Assets.xcassets */; };
		79F830001F49E53600E2786F /* LaunchScreen.storyboard in Resources */ = {isa = PBXBuildFile; fileRef = 79F82FFE1F49E53600E2786F /* LaunchScreen.storyboard */; };
		79F8300B1F49E53800E2786F /* SPNTests.swift in Sources */ = {isa = PBXBuildFile; fileRef = 79F8300A1F49E53800E2786F /* SPNTests.swift */; };
		79F830161F49E53800E2786F /* SPNUITests.swift in Sources */ = {isa = PBXBuildFile; fileRef = 79F830151F49E53800E2786F /* SPNUITests.swift */; };
/* End PBXBuildFile section */

/* Begin PBXContainerItemProxy section */
		79F830071F49E53800E2786F /* PBXContainerItemProxy */ = {
			isa = PBXContainerItemProxy;
			containerPortal = 79F82FEA1F49E53500E2786F /* Project object */;
			proxyType = 1;
			remoteGlobalIDString = 79F82FF11F49E53500E2786F;
			remoteInfo = SPN;
		};
		79F830121F49E53800E2786F /* PBXContainerItemProxy */ = {
			isa = PBXContainerItemProxy;
			containerPortal = 79F82FEA1F49E53500E2786F /* Project object */;
			proxyType = 1;
			remoteGlobalIDString = 79F82FF11F49E53500E2786F;
			remoteInfo = SPN;
		};
/* End PBXContainerItemProxy section */

/* Begin PBXFileReference section */
		79F82FF21F49E53500E2786F /* SPN.app */ = {isa = PBXFileReference; explicitFileType = wrapper.application; includeInIndex = 0; path = SPN.app; sourceTree = BUILT_PRODUCTS_DIR; };
		79F82FF51F49E53600E2786F /* AppDelegate.swift */ = {isa = PBXFileReference; lastKnownFileType = sourcecode.swift; path = AppDelegate.swift; sourceTree = "<group>"; };
		79F82FF71F49E53600E2786F /* ViewController.swift */ = {isa = PBXFileReference; lastKnownFileType = sourcecode.swift; path = ViewController.swift; sourceTree = "<group>"; };
		79F82FFA1F49E53600E2786F /* Base */ = {isa = PBXFileReference; lastKnownFileType = file.storyboard; name = Base; path = Base.lproj/Main.storyboard; sourceTree = "<group>"; };
		79F82FFC1F49E53600E2786F /* Assets.xcassets */ = {isa = PBXFileReference; lastKnownFileType = folder.assetcatalog; path = Assets.xcassets; sourceTree = "<group>"; };
		79F82FFF1F49E53600E2786F /* Base */ = {isa = PBXFileReference; lastKnownFileType = file.storyboard; name = Base; path = Base.lproj/LaunchScreen.storyboard; sourceTree = "<group>"; };
		79F830011F49E53600E2786F /* Info.plist */ = {isa = PBXFileReference; lastKnownFileType = text.plist.xml; path = Info.plist; sourceTree = "<group>"; };
		79F830061F49E53800E2786F /* SPNTests.xctest */ = {isa = PBXFileReference; explicitFileType = wrapper.cfbundle; includeInIndex = 0; path = SPNTests.xctest; sourceTree = BUILT_PRODUCTS_DIR; };
		79F8300A1F49E53800E2786F /* SPNTests.swift */ = {isa = PBXFileReference; lastKnownFileType = sourcecode.swift; path = SPNTests.swift; sourceTree = "<group>"; };
		79F8300C1F49E53800E2786F /* Info.plist */ = {isa = PBXFileReference; lastKnownFileType = text.plist.xml; path = Info.plist; sourceTree = "<group>"; };
		79F830111F49E53800E2786F /* SPNUITests.xctest */ = {isa = PBXFileReference; explicitFileType = wrapper.cfbundle; includeInIndex = 0; path = SPNUITests.xctest; sourceTree = BUILT_PRODUCTS_DIR; };
		79F830151F49E53800E2786F /* SPNUITests.swift */ = {isa = PBXFileReference; lastKnownFileType = sourcecode.swift; path = SPNUITests.swift; sourceTree = "<group>"; };
		79F830171F49E53800E2786F /* Info.plist */ = {isa = PBXFileReference; lastKnownFileType = text.plist.xml; path = Info.plist; sourceTree = "<group>"; };
/* End PBXFileReference section */

/* Begin PBXFrameworksBuildPhase section */
		79F82FEF1F49E53500E2786F /* Frameworks */ = {
			isa = PBXFrameworksBuildPhase;
			buildActionMask = 2147483647;
			files = (
			);
			runOnlyForDeploymentPostprocessing = 0;
		};
		79F830031F49E53800E2786F /* Frameworks */ = {
			isa = PBXFrameworksBuildPhase;
			buildActionMask = 2147483647;
			files = (
			);
			runOnlyForDeploymentPostprocessing = 0;
		};
		79F8300E1F49E53800E2786F /* Frameworks */ = {
			isa = PBXFrameworksBuildPhase;
			buildActionMask = 2147483647;
			files = (
			);
			runOnlyForDeploymentPostprocessing = 0;
		};
/* End PBXFrameworksBuildPhase section */

/* Begin PBXGroup section */
		79F82FE91F49E53500E2786F = {
			isa = PBXGroup;
			children = (
				79F82FF41F49E53500E2786F /* SPN */,
				79F830091F49E53800E2786F /* SPNTests */,
				79F830141F49E53800E2786F /* SPNUITests */,
				79F82FF31F49E53500E2786F /* Products */,
			);
			sourceTree = "<group>";
		};
		79F82FF31F49E53500E2786F /* Products */ = {
			isa = PBXGroup;
			children = (
				79F82FF21F49E53500E2786F /* SPN.app */,
				79F830061F49E53800E2786F /* SPNTests.xctest */,
				79F830111F49E53800E2786F /* SPNUITests.xctest */,
			);
			name = Products;
			sourceTree = "<group>";
		};
		79F82FF41F49E53500E2786F /* SPN */ = {
			isa = PBXGroup;
			children = (
				79F82FF51F49E53600E2786F /* AppDelegate.swift */,
				79F82FF71F49E53600E2786F /* ViewController.swift */,
				79F82FF91F49E53600E2786F /* Main.storyboard */,
				79F82FFC1F49E53600E2786F /* Assets.xcassets */,
				79F82FFE1F49E53600E2786F /* LaunchScreen.storyboard */,
				79F830011F49E53600E2786F /* Info.plist */,
			);
			path = SPN;
			sourceTree = "<group>";
		};
		79F830091F49E53800E2786F /* SPNTests */ = {
			isa = PBXGroup;
			children = (
				79F8300A1F49E53800E2786F /* SPNTests.swift */,
				79F8300C1F49E53800E2786F /* Info.plist */,
			);
			path = SPNTests;
			sourceTree = "<group>";
		};
		79F830141F49E53800E2786F /* SPNUITests */ = {
			isa = PBXGroup;
			children = (
				79F830151F49E53800E2786F /* SPNUITests.swift */,
				79F830171F49E53800E2786F /* Info.plist */,
			);
			path = SPNUITests;
			sourceTree = "<group>";
		};
/* End PBXGroup section */

/* Begin PBXNativeTarget section */
		79F82FF11F49E53500E2786F /* SPN */ = {
			isa = PBXNativeTarget;
			buildConfigurationList = 79F8301A1F49E53800E2786F /* Build configuration list for PBXNativeTarget "SPN" */;
			buildPhases = (
				79F82FEE1F49E53500E2786F /* Sources */,
				79F82FEF1F49E53500E2786F /* Frameworks */,
				79F82FF01F49E53500E2786F /* Resources */,
			);
			buildRules = (
			);
			dependencies = (
			);
			name = SPN;
			productName = SPN;
			productReference = 79F82FF21F49E53500E2786F /* SPN.app */;
			productType = "com.apple.product-type.application";
		};
		79F830051F49E53800E2786F /* SPNTests */ = {
			isa = PBXNativeTarget;
			buildConfigurationList = 79F8301D1F49E53800E2786F /* Build configuration list for PBXNativeTarget "SPNTests" */;
			buildPhases = (
				79F830021F49E53800E2786F /* Sources */,
				79F830031F49E53800E2786F /* Frameworks */,
				79F830041F49E53800E2786F /* Resources */,
			);
			buildRules = (
			);
			dependencies = (
				79F830081F49E53800E2786F /* PBXTargetDependency */,
			);
			name = SPNTests;
			productName = SPNTests;
			productReference = 79F830061F49E53800E2786F /* SPNTests.xctest */;
			productType = "com.apple.product-type.bundle.unit-test";
		};
		79F830101F49E53800E2786F /* SPNUITests */ = {
			isa = PBXNativeTarget;
			buildConfigurationList = 79F830201F49E53800E2786F /* Build configuration list for PBXNativeTarget "SPNUITests" */;
			buildPhases = (
				79F8300D1F49E53800E2786F /* Sources */,
				79F8300E1F49E53800E2786F /* Frameworks */,
				79F8300F1F49E53800E2786F /* Resources */,
			);
			buildRules = (
			);
			dependencies = (
				79F830131F49E53800E2786F /* PBXTargetDependency */,
			);
			name = SPNUITests;
			productName = SPNUITests;
			productReference = 79F830111F49E53800E2786F /* SPNUITests.xctest */;
			productType = "com.apple.product-type.bundle.ui-testing";
		};
/* End PBXNativeTarget section */

/* Begin PBXProject section */
		79F82FEA1F49E53500E2786F /* Project object */ = {
			isa = PBXProject;
			attributes = {
				LastSwiftUpdateCheck = 0830;
				LastUpgradeCheck = 0830;
				ORGANIZATIONNAME = "Bill Skrzypczak";
				TargetAttributes = {
					79F82FF11F49E53500E2786F = {
						CreatedOnToolsVersion = 8.3.3;
						ProvisioningStyle = Automatic;
					};
					79F830051F49E53800E2786F = {
						CreatedOnToolsVersion = 8.3.3;
						ProvisioningStyle = Automatic;
						TestTargetID = 79F82FF11F49E53500E2786F;
					};
					79F830101F49E53800E2786F = {
						CreatedOnToolsVersion = 8.3.3;
						ProvisioningStyle = Automatic;
						TestTargetID = 79F82FF11F49E53500E2786F;
					};
				};
			};
			buildConfigurationList = 79F82FED1F49E53500E2786F /* Build configuration list for PBXProject "SPN" */;
			compatibilityVersion = "Xcode 3.2";
			developmentRegion = English;
			hasScannedForEncodings = 0;
			knownRegions = (
				en,
				Base,
			);
			mainGroup = 79F82FE91F49E53500E2786F;
			productRefGroup = 79F82FF31F49E53500E2786F /* Products */;
			projectDirPath = "";
			projectRoot = "";
			targets = (
				79F82FF11F49E53500E2786F /* SPN */,
				79F830051F49E53800E2786F /* SPNTests */,
				79F830101F49E53800E2786F /* SPNUITests */,
			);
		};
/* End PBXProject section */

/* Begin PBXResourcesBuildPhase section */
		79F82FF01F49E53500E2786F /* Resources */ = {
			isa = PBXResourcesBuildPhase;
			buildActionMask = 2147483647;
			files = (
				79F830001F49E53600E2786F /* LaunchScreen.storyboard in Resources */,
				79F82FFD1F49E53600E2786F /* Assets.xcassets in Resources */,
				79F82FFB1F49E53600E2786F /* Main.storyboard in Resources */,
			);
			runOnlyForDeploymentPostprocessing = 0;
		};
		79F830041F49E53800E2786F /* Resources */ = {
			isa = PBXResourcesBuildPhase;
			buildActionMask = 2147483647;
			files = (
			);
			runOnlyForDeploymentPostprocessing = 0;
		};
		79F8300F1F49E53800E2786F /* Resources */ = {
			isa = PBXResourcesBuildPhase;
			buildActionMask = 2147483647;
			files = (
			);
			runOnlyForDeploymentPostprocessing = 0;
		};
/* End PBXResourcesBuildPhase section */

/* Begin PBXSourcesBuildPhase section */
		79F82FEE1F49E53500E2786F /* Sources */ = {
			isa = PBXSourcesBuildPhase;
			buildActionMask = 2147483647;
			files = (
				79F82FF81F49E53600E2786F /* ViewController.swift in Sources */,
				79F82FF61F49E53600E2786F /* AppDelegate.swift in Sources */,
			);
			runOnlyForDeploymentPostprocessing = 0;
		};
		79F830021F49E53800E2786F /* Sources */ = {
			isa = PBXSourcesBuildPhase;
			buildActionMask = 2147483647;
			files = (
				79F8300B1F49E53800E2786F /* SPNTests.swift in Sources */,
			);
			runOnlyForDeploymentPostprocessing = 0;
		};
		79F8300D1F49E53800E2786F /* Sources */ = {
			isa = PBXSourcesBuildPhase;
			buildActionMask = 2147483647;
			files = (
				79F830161F49E53800E2786F /* SPNUITests.swift in Sources */,
			);
			runOnlyForDeploymentPostprocessing = 0;
		};
/* End PBXSourcesBuildPhase section */

/* Begin PBXTargetDependency section */
		79F830081F49E53800E2786F /* PBXTargetDependency */ = {
			isa = PBXTargetDependency;
			target = 79F82FF11F49E53500E2786F /* SPN */;
			targetProxy = 79F830071F49E53800E2786F /* PBXContainerItemProxy */;
		};
		79F830131F49E53800E2786F /* PBXTargetDependency */ = {
			isa = PBXTargetDependency;
			target = 79F82FF11F49E53500E2786F /* SPN */;
			targetProxy = 79F830121F49E53800E2786F /* PBXContainerItemProxy */;
		};
/* End PBXTargetDependency section */

/* Begin PBXVariantGroup section */
		79F82FF91F49E53600E2786F /* Main.storyboard */ = {
			isa = PBXVariantGroup;
			children = (
				79F82FFA1F49E53600E2786F /* Base */,
			);
			name = Main.storyboard;
			sourceTree = "<group>";
		};
		79F82FFE1F49E53600E2786F /* LaunchScreen.storyboard */ = {
			isa = PBXVariantGroup;
			children = (
				79F82FFF1F49E53600E2786F /* Base */,
			);
			name = LaunchScreen.storyboard;
			sourceTree = "<group>";
		};
/* End PBXVariantGroup section */

/* Begin XCBuildConfiguration section */
		79F830181F49E53800E2786F /* Debug */ = {
			isa = XCBuildConfiguration;
			buildSettings = {
				ALWAYS_SEARCH_USER_PATHS = NO;
				CLANG_ANALYZER_NONNULL = YES;
				CLANG_ANALYZER_NUMBER_OBJECT_CONVERSION = YES_AGGRESSIVE;
				CLANG_CXX_LANGUAGE_STANDARD = "gnu++0x";
				CLANG_CXX_LIBRARY = "libc++";
				CLANG_ENABLE_MODULES = YES;
				CLANG_ENABLE_OBJC_ARC = YES;
				CLANG_WARN_BOOL_CONVERSION = YES;
				CLANG_WARN_CONSTANT_CONVERSION = YES;
				CLANG_WARN_DIRECT_OBJC_ISA_USAGE = YES_ERROR;
				CLANG_WARN_DOCUMENTATION_COMMENTS = YES;
				CLANG_WARN_EMPTY_BODY = YES;
				CLANG_WARN_ENUM_CONVERSION = YES;
				CLANG_WARN_INFINITE_RECURSION = YES;
				CLANG_WARN_INT_CONVERSION = YES;
				CLANG_WARN_OBJC_ROOT_CLASS = YES_ERROR;
				CLANG_WARN_SUSPICIOUS_MOVE = YES;
				CLANG_WARN_UNREACHABLE_CODE = YES;
				CLANG_WARN__DUPLICATE_METHOD_MATCH = YES;
				"CODE_SIGN_IDENTITY[sdk=iphoneos*]" = "iPhone Developer";
				COPY_PHASE_STRIP = NO;
				DEBUG_INFORMATION_FORMAT = dwarf;
				ENABLE_STRICT_OBJC_MSGSEND = YES;
				ENABLE_TESTABILITY = YES;
				GCC_C_LANGUAGE_STANDARD = gnu99;
				GCC_DYNAMIC_NO_PIC = NO;
				GCC_NO_COMMON_BLOCKS = YES;
				GCC_OPTIMIZATION_LEVEL = 0;
				GCC_PREPROCESSOR_DEFINITIONS = (
					"DEBUG=1",
					"$(inherited)",
				);
				GCC_WARN_64_TO_32_BIT_CONVERSION = YES;
				GCC_WARN_ABOUT_RETURN_TYPE = YES_ERROR;
				GCC_WARN_UNDECLARED_SELECTOR = YES;
				GCC_WARN_UNINITIALIZED_AUTOS = YES_AGGRESSIVE;
				GCC_WARN_UNUSED_FUNCTION = YES;
				GCC_WARN_UNUSED_VARIABLE = YES;
				IPHONEOS_DEPLOYMENT_TARGET = 10.3;
				MTL_ENABLE_DEBUG_INFO = YES;
				ONLY_ACTIVE_ARCH = YES;
				SDKROOT = iphoneos;
				SWIFT_ACTIVE_COMPILATION_CONDITIONS = DEBUG;
				SWIFT_OPTIMIZATION_LEVEL = "-Onone";
				TARGETED_DEVICE_FAMILY = "1,2";
			};
			name = Debug;
		};
		79F830191F49E53800E2786F /* Release */ = {
			isa = XCBuildConfiguration;
			buildSettings = {
				ALWAYS_SEARCH_USER_PATHS = NO;
				CLANG_ANALYZER_NONNULL = YES;
				CLANG_ANALYZER_NUMBER_OBJECT_CONVERSION = YES_AGGRESSIVE;
				CLANG_CXX_LANGUAGE_STANDARD = "gnu++0x";
				CLANG_CXX_LIBRARY = "libc++";
				CLANG_ENABLE_MODULES = YES;
				CLANG_ENABLE_OBJC_ARC = YES;
				CLANG_WARN_BOOL_CONVERSION = YES;
				CLANG_WARN_CONSTANT_CONVERSION = YES;
				CLANG_WARN_DIRECT_OBJC_ISA_USAGE = YES_ERROR;
				CLANG_WARN_DOCUMENTATION_COMMENTS = YES;
				CLANG_WARN_EMPTY_BODY = YES;
				CLANG_WARN_ENUM_CONVERSION = YES;
				CLANG_WARN_INFINITE_RECURSION = YES;
				CLANG_WARN_INT_CONVERSION = YES;
				CLANG_WARN_OBJC_ROOT_CLASS = YES_ERROR;
				CLANG_WARN_SUSPICIOUS_MOVE = YES;
				CLANG_WARN_UNREACHABLE_CODE = YES;
				CLANG_WARN__DUPLICATE_METHOD_MATCH = YES;
				"CODE_SIGN_IDENTITY[sdk=iphoneos*]" = "iPhone Developer";
				COPY_PHASE_STRIP = NO;
				DEBUG_INFORMATION_FORMAT = "dwarf-with-dsym";
				ENABLE_NS_ASSERTIONS = NO;
				ENABLE_STRICT_OBJC_MSGSEND = YES;
				GCC_C_LANGUAGE_STANDARD = gnu99;
				GCC_NO_COMMON_BLOCKS = YES;
				GCC_WARN_64_TO_32_BIT_CONVERSION = YES;
				GCC_WARN_ABOUT_RETURN_TYPE = YES_ERROR;
				GCC_WARN_UNDECLARED_SELECTOR = YES;
				GCC_WARN_UNINITIALIZED_AUTOS = YES_AGGRESSIVE;
				GCC_WARN_UNUSED_FUNCTION = YES;
				GCC_WARN_UNUSED_VARIABLE = YES;
				IPHONEOS_DEPLOYMENT_TARGET = 10.3;
				MTL_ENABLE_DEBUG_INFO = NO;
				SDKROOT = iphoneos;
				SWIFT_OPTIMIZATION_LEVEL = "-Owholemodule";
				TARGETED_DEVICE_FAMILY = "1,2";
				VALIDATE_PRODUCT = YES;
			};
			name = Release;
		};
		79F8301B1F49E53800E2786F /* Debug */ = {
			isa = XCBuildConfiguration;
			buildSettings = {
				ASSETCATALOG_COMPILER_APPICON_NAME = AppIcon;
				INFOPLIST_FILE = SPN/Info.plist;
				LD_RUNPATH_SEARCH_PATHS = "$(inherited) @executable_path/Frameworks";
				PRODUCT_BUNDLE_IDENTIFIER = com.WebBuildersConsulting.SPN;
				PRODUCT_NAME = "$(TARGET_NAME)";
				SWIFT_VERSION = 3.0;
			};
			name = Debug;
		};
		79F8301C1F49E53800E2786F /* Release */ = {
			isa = XCBuildConfiguration;
			buildSettings = {
				ASSETCATALOG_COMPILER_APPICON_NAME = AppIcon;
				INFOPLIST_FILE = SPN/Info.plist;
				LD_RUNPATH_SEARCH_PATHS = "$(inherited) @executable_path/Frameworks";
				PRODUCT_BUNDLE_IDENTIFIER = com.WebBuildersConsulting.SPN;
				PRODUCT_NAME = "$(TARGET_NAME)";
				SWIFT_VERSION = 3.0;
			};
			name = Release;
		};
		79F8301E1F49E53800E2786F /* Debug */ = {
			isa = XCBuildConfiguration;
			buildSettings = {
				ALWAYS_EMBED_SWIFT_STANDARD_LIBRARIES = YES;
				BUNDLE_LOADER = "$(TEST_HOST)";
				INFOPLIST_FILE = SPNTests/Info.plist;
				LD_RUNPATH_SEARCH_PATHS = "$(inherited) @executable_path/Frameworks @loader_path/Frameworks";
				PRODUCT_BUNDLE_IDENTIFIER = com.WebBuildersConsulting.SPNTests;
				PRODUCT_NAME = "$(TARGET_NAME)";
				SWIFT_VERSION = 3.0;
				TEST_HOST = "$(BUILT_PRODUCTS_DIR)/SPN.app/SPN";
			};
			name = Debug;
		};
		79F8301F1F49E53800E2786F /* Release */ = {
			isa = XCBuildConfiguration;
			buildSettings = {
				ALWAYS_EMBED_SWIFT_STANDARD_LIBRARIES = YES;
				BUNDLE_LOADER = "$(TEST_HOST)";
				INFOPLIST_FILE = SPNTests/Info.plist;
				LD_RUNPATH_SEARCH_PATHS = "$(inherited) @executable_path/Frameworks @loader_path/Frameworks";
				PRODUCT_BUNDLE_IDENTIFIER = com.WebBuildersConsulting.SPNTests;
				PRODUCT_NAME = "$(TARGET_NAME)";
				SWIFT_VERSION = 3.0;
				TEST_HOST = "$(BUILT_PRODUCTS_DIR)/SPN.app/SPN";
			};
			name = Release;
		};
		79F830211F49E53800E2786F /* Debug */ = {
			isa = XCBuildConfiguration;
			buildSettings = {
				ALWAYS_EMBED_SWIFT_STANDARD_LIBRARIES = YES;
				INFOPLIST_FILE = SPNUITests/Info.plist;
				LD_RUNPATH_SEARCH_PATHS = "$(inherited) @executable_path/Frameworks @loader_path/Frameworks";
				PRODUCT_BUNDLE_IDENTIFIER = com.WebBuildersConsulting.SPNUITests;
				PRODUCT_NAME = "$(TARGET_NAME)";
				SWIFT_VERSION = 3.0;
				TEST_TARGET_NAME = SPN;
			};
			name = Debug;
		};
		79F830221F49E53800E2786F /* Release */ = {
			isa = XCBuildConfiguration;
			buildSettings = {
				ALWAYS_EMBED_SWIFT_STANDARD_LIBRARIES = YES;
				INFOPLIST_FILE = SPNUITests/Info.plist;
				LD_RUNPATH_SEARCH_PATHS = "$(inherited) @executable_path/Frameworks @loader_path/Frameworks";
				PRODUCT_BUNDLE_IDENTIFIER = com.WebBuildersConsulting.SPNUITests;
				PRODUCT_NAME = "$(TARGET_NAME)";
				SWIFT_VERSION = 3.0;
				TEST_TARGET_NAME = SPN;
			};
			name = Release;
		};
/* End XCBuildConfiguration section */

/* Begin XCConfigurationList section */
		79F82FED1F49E53500E2786F /* Build configuration list for PBXProject "SPN" */ = {
			isa = XCConfigurationList;
			buildConfigurations = (
				79F830181F49E53800E2786F /* Debug */,
				79F830191F49E53800E2786F /* Release */,
			);
			defaultConfigurationIsVisible = 0;
			defaultConfigurationName = Release;
		};
		79F8301A1F49E53800E2786F /* Build configuration list for PBXNativeTarget "SPN" */ = {
			isa = XCConfigurationList;
			buildConfigurations = (
				79F8301B1F49E53800E2786F /* Debug */,
				79F8301C1F49E53800E2786F /* Release */,
			);
			defaultConfigurationIsVisible = 0;
		};
		79F8301D1F49E53800E2786F /* Build configuration list for PBXNativeTarget "SPNTests" */ = {
			isa = XCConfigurationList;
			buildConfigurations = (
				79F8301E1F49E53800E2786F /* Debug */,
				79F8301F1F49E53800E2786F /* Release */,
			);
			defaultConfigurationIsVisible = 0;
		};
		79F830201F49E53800E2786F /* Build configuration list for PBXNativeTarget "SPNUITests" */ = {
			isa = XCConfigurationList;
			buildConfigurations = (
				79F830211F49E53800E2786F /* Debug */,
				79F830221F49E53800E2786F /* Release */,
			);
			defaultConfigurationIsVisible = 0;
		};
/* End XCConfigurationList section */
	};
	rootObject = 79F82FEA1F49E53500E2786F /* Project object */;
}
